{
  "version": 4,
  "terraform_version": "1.14.3",
  "serial": 4,
  "lineage": "7309ea5c-d670-0f8e-9f7e-26df57314f1c",
  "outputs": {
    "public_ip": {
      "value": "65.0.251.37",
      "type": "string"
    }
  },
  "resources": [
    {
      "mode": "managed",
      "type": "aws_instance",
      "name": "web_server",
      "provider": "provider[\"registry.terraform.io/hashicorp/aws\"]",
      "instances": [
        {
          "schema_version": 2,
          "attributes": {
            "ami": "ami-02b8269d5e85954ef",
            "arn": "arn:aws:ec2:ap-south-1:695159715102:instance/i-014cb7f3ee562b7c3",
            "associate_public_ip_address": true,
            "availability_zone": "ap-south-1c",
            "capacity_reservation_specification": [
              {
                "capacity_reservation_preference": "open",
                "capacity_reservation_target": []
              }
            ],
            "cpu_options": [
              {
                "amd_sev_snp": "",
                "core_count": 1,
                "threads_per_core": 2
              }
            ],
            "credit_specification": [
              {
                "cpu_credits": "unlimited"
              }
            ],
            "disable_api_stop": false,
            "disable_api_termination": false,
            "ebs_block_device": [],
            "ebs_optimized": false,
            "enable_primary_ipv6": null,
            "enclave_options": [
              {
                "enabled": false
              }
            ],
            "ephemeral_block_device": [],
            "force_destroy": false,
            "get_password_data": false,
            "hibernation": false,
            "host_id": "",
            "host_resource_group_arn": null,
            "iam_instance_profile": "",
            "id": "i-014cb7f3ee562b7c3",
            "instance_initiated_shutdown_behavior": "stop",
            "instance_lifecycle": "",
            "instance_market_options": [],
            "instance_state": "running",
            "instance_type": "t3.small",
            "ipv6_address_count": 0,
            "ipv6_addresses": [],
            "key_name": "nexgensis_key",
            "launch_template": [],
            "maintenance_options": [
              {
                "auto_recovery": "default"
              }
            ],
            "metadata_options": [
              {
                "http_endpoint": "enabled",
                "http_protocol_ipv6": "disabled",
                "http_put_response_hop_limit": 2,
                "http_tokens": "required",
                "instance_metadata_tags": "disabled"
              }
            ],
            "monitoring": false,
            "network_interface": [],
            "outpost_arn": "",
            "password_data": "",
            "placement_group": "",
            "placement_group_id": "",
            "placement_partition_number": 0,
            "primary_network_interface": [
              {
                "delete_on_termination": true,
                "network_interface_id": "eni-0bf63fa37b9dfc57f"
              }
            ],
            "primary_network_interface_id": "eni-0bf63fa37b9dfc57f",
            "private_dns": "ip-172-31-27-15.ap-south-1.compute.internal",
            "private_dns_name_options": [
              {
                "enable_resource_name_dns_a_record": false,
                "enable_resource_name_dns_aaaa_record": false,
                "hostname_type": "ip-name"
              }
            ],
            "private_ip": "172.31.27.15",
            "public_dns": "ec2-65-0-251-37.ap-south-1.compute.amazonaws.com",
            "public_ip": "65.0.251.37",
            "region": "ap-south-1",
            "root_block_device": [
              {
                "delete_on_termination": true,
                "device_name": "/dev/sda1",
                "encrypted": false,
                "iops": 3000,
                "kms_key_id": "",
                "tags": {},
                "tags_all": {},
                "throughput": 125,
                "volume_id": "vol-04659d8633fec526d",
                "volume_size": 8,
                "volume_type": "gp3"
              }
            ],
            "secondary_private_ips": [],
            "security_groups": [
              "nexgensis-sg"
            ],
            "source_dest_check": true,
            "spot_instance_request_id": "",
            "subnet_id": "subnet-0a1baace970b38a87",
            "tags": {
              "name": "web-server"
            },
            "tags_all": {
              "name": "web-server"
            },
            "tenancy": "default",
            "timeouts": null,
            "user_data": null,
            "user_data_base64": null,
            "user_data_replace_on_change": false,
            "volume_tags": null,
            "vpc_security_group_ids": [
              "sg-06f62c92064b13135"
            ]
          },
          "sensitive_attributes": [],
          "identity_schema_version": 0,
          "identity": {
            "account_id": "695159715102",
            "id": "i-014cb7f3ee562b7c3",
            "region": "ap-south-1"
          },
          "private": "eyJlMmJmYjczMC1lY2FhLTExZTYtOGY4OC0zNDM2M2JjN2M0YzAiOnsiY3JlYXRlIjo2MDAwMDAwMDAwMDAsImRlbGV0ZSI6MTIwMDAwMDAwMDAwMCwicmVhZCI6OTAwMDAwMDAwMDAwLCJ1cGRhdGUiOjYwMDAwMDAwMDAwMH0sInNjaGVtYV92ZXJzaW9uIjoiMiJ9",
          "dependencies": [
            "aws_key_pair.nexgensis_key",
            "aws_security_group.nexgensis_sg"
          ]
        }
      ]
    },
    {
      "mode": "managed",
      "type": "aws_key_pair",
      "name": "nexgensis_key",
      "provider": "provider[\"registry.terraform.io/hashicorp/aws\"]",
      "instances": [
        {
          "schema_version": 1,
          "attributes": {
            "arn": "arn:aws:ec2:ap-south-1:695159715102:key-pair/nexgensis_key",
            "fingerprint": "0a:92:28:ed:d9:d1:23:b0:a2:df:bc:d6:91:7c:97:e8",
            "id": "nexgensis_key",
            "key_name": "nexgensis_key",
            "key_name_prefix": "",
            "key_pair_id": "key-0e223108a4982d425",
            "key_type": "rsa",
            "public_key": "ssh-rsa AAAAB3NzaC1yc2EAAAADAQABAAACAQCwEM73p8ivMHLZ3c3YNiZ1YBilR2aq/qjx/DXnivQw2pkwzd+Qm9LSC4sPevcRjx71QFI0UzzDZeOi5zQE/9iUqqhR+NOm4a66L8dhZvjbZRytCo6RsLoWXTS7yTBpw1E9VDDLX8Jd+18ukivhZJOgIkbj195wkpbKCyBRp2ifE4mVRbmTamEp0f7I3yPO/AWeNFAmmAPZIMFZR22cBpgRYndmTqUC4p6DAqwAJF4fY+KhYCI+D40Lb4IOVixG28eY/3CrMfALtdEqgcdbtCQHwLfwc39lKagGM3NBKaikw9Q5oM4xPwsf9+12Y+XF7aTGxKyxAlc7vB+xji5RmL/V16nqy0xzbh+zBovFU3aieHqmMCpxBMLSZxONHW4RtcKlWXvTW1B7kdzWnE9leHv+bnKlVo7y0HOr2UeVRo4U7adgG7mNcwKpphLMVDtTsZWZzah35e0ro4dA3PPuJoOaPUoMGW0rhhJyUvVgFKpLq6LTA3Ljbz3ipIQmBS51UPSBAbzFihisTmGA1hhmAGmT2UYcw+0rt1XU0kSLPkB6tzOPo2O4nu8huliFR/6jzcvLtRJ12HvtS8FZC5Tk06/Qrm8Ofj7IkskphLsPrFtqmmgIUDWuVtZOmDQ/AKwh7sswPwhGwrHfD2iAksbYduCHpP+FDr/p9A7BjG7hT4CMbw== mayur@Mayur",
            "region": "ap-south-1",
            "tags": null,
            "tags_all": {}
          },
          "sensitive_attributes": [],
          "identity_schema_version": 0,
          "private": "eyJzY2hlbWFfdmVyc2lvbiI6IjEifQ=="
        }
      ]
    },
    {
      "mode": "managed",
      "type": "aws_security_group",
      "name": "nexgensis_sg",
      "provider": "provider[\"registry.terraform.io/hashicorp/aws\"]",
      "instances": [
        {
          "schema_version": 1,
          "attributes": {
            "arn": "arn:aws:ec2:ap-south-1:695159715102:security-group/sg-06f62c92064b13135",
            "description": "security group to allow ports",
            "egress": [
              {
                "cidr_blocks": [
                  "0.0.0.0/0"
                ],
                "description": "",
                "from_port": 0,
                "ipv6_cidr_blocks": [],
                "prefix_list_ids": [],
                "protocol": "-1",
                "security_groups": [],
                "self": false,
                "to_port": 0
              }
            ],
            "id": "sg-06f62c92064b13135",
            "ingress": [
              {
                "cidr_blocks": [
                  "0.0.0.0/0"
                ],
                "description": "HTTP",
                "from_port": 80,
                "ipv6_cidr_blocks": [],
                "prefix_list_ids": [],
                "protocol": "tcp",
                "security_groups": [],
                "self": false,
                "to_port": 80
              },
              {
                "cidr_blocks": [
                  "0.0.0.0/0"
                ],
                "description": "HTTPS",
                "from_port": 443,
                "ipv6_cidr_blocks": [],
                "prefix_list_ids": [],
                "protocol": "tcp",
                "security_groups": [],
                "self": false,
                "to_port": 443
              },
              {
                "cidr_blocks": [
                  "0.0.0.0/0"
                ],
                "description": "SSH",
                "from_port": 22,
                "ipv6_cidr_blocks": [],
                "prefix_list_ids": [],
                "protocol": "tcp",
                "security_groups": [],
                "self": false,
                "to_port": 22
              }
            ],
            "name": "nexgensis-sg",
            "name_prefix": "",
            "owner_id": "695159715102",
            "region": "ap-south-1",
            "revoke_rules_on_delete": false,
            "tags": null,
            "tags_all": {},
            "timeouts": null,
            "vpc_id": "vpc-00c620ea1e29ca122"
          },
          "sensitive_attributes": [],
          "identity_schema_version": 0,
          "identity": {
            "account_id": "695159715102",
            "id": "sg-06f62c92064b13135",
            "region": "ap-south-1"
          },
          "private": "eyJlMmJmYjczMC1lY2FhLTExZTYtOGY4OC0zNDM2M2JjN2M0YzAiOnsiY3JlYXRlIjo2MDAwMDAwMDAwMDAsImRlbGV0ZSI6OTAwMDAwMDAwMDAwfSwic2NoZW1hX3ZlcnNpb24iOiIxIn0="
        }
      ]
    }
  ],
  "check_results": null
}
